
Microsoft Visual Studio Solution File, Format Version 11.00
# Visual Studio 2010
Project("{FAE04EC0-301F-11D3-BF4B-00C04F79EFBC}") = "Assembly-CSharp-firstpass", "Assembly-CSharp-firstpass.csproj", "{6ec0cd1b-f92b-adf0-5104-15e5f3bccfd2}"
EndProject
Project("{FAE04EC0-301F-11D3-BF4B-00C04F79EFBC}") = "Assembly-CSharp", "Assembly-CSharp.csproj", "{c1ea53b3-ae05-97ba-2940-542a82467a03}"
EndProject
Global
	GlobalSection(SolutionConfigurationPlatforms) = preSolution
		Debug|Any CPU = Debug|Any CPU
	EndGlobalSection
	GlobalSection(ProjectConfigurationPlatforms) = postSolution
		{6ec0cd1b-f92b-adf0-5104-15e5f3bccfd2}.Debug|Any CPU.ActiveCfg = Debug|Any CPU
		{6ec0cd1b-f92b-adf0-5104-15e5f3bccfd2}.Debug|Any CPU.Build.0 = Debug|Any CPU
		{c1ea53b3-ae05-97ba-2940-542a82467a03}.Debug|Any CPU.ActiveCfg = Debug|Any CPU
		{c1ea53b3-ae05-97ba-2940-542a82467a03}.Debug|Any CPU.Build.0 = Debug|Any CPU
	EndGlobalSection
	GlobalSection(SolutionProperties) = preSolution
		HideSolutionNode = FALSE
	EndGlobalSection
EndGlobal
